Microsoft Visual Studio Solution File, Format Version 12.00
# Visual Studio Version 17
VisualStudioVersion = 17.5.2.0
MinimumVisualStudioVersion = 10.0.40219.1
Project("{FAE04EC0-301F-11D3-BF4B-00C04F79EFBC}") = "WebhookReceiver", "WebhookReceiver.csproj", "{1DCBC278-9F17-F1A8-5BA5-E1081E5BE860}"
EndProject
Global
	GlobalSection(SolutionConfigurationPlatforms) = preSolution
		Debug|Any CPU = Debug|Any CPU
		Release|Any CPU = Release|Any CPU
	EndGlobalSection
	GlobalSection(ProjectConfigurationPlatforms) = postSolution
		{1DCBC278-9F17-F1A8-5BA5-E1081E5BE860}.Debug|Any CPU.ActiveCfg = Debug|Any CPU
		{1DCBC278-9F17-F1A8-5BA5-E1081E5BE860}.Debug|Any CPU.Build.0 = Debug|Any CPU
		{1DCBC278-9F17-F1A8-5BA5-E1081E5BE860}.Release|Any CPU.ActiveCfg = Release|Any CPU
		{1DCBC278-9F17-F1A8-5BA5-E1081E5BE860}.Release|Any CPU.Build.0 = Release|Any CPU
	EndGlobalSection
	GlobalSection(SolutionProperties) = preSolution
		HideSolutionNode = FALSE
	EndGlobalSection
	GlobalSection(ExtensibilityGlobals) = postSolution
		SolutionGuid = {0AE49A2F-FA72-48CF-842C-C64A8BF45191}
	EndGlobalSection
EndGlobal
